
Microsoft Visual Studio Solution File, Format Version 12.00
# Visual Studio Version 17
VisualStudioVersion = 17.1.32210.238
MinimumVisualStudioVersion = 10.0.40219.1
Project("{9A19103F-16F7-4668-BE54-9A1E7A4F7556}") = "_153502_Danilenko", "_153502_Danilenko\_153502_Danilenko.csproj", "{521B6D58-981D-44F5-AFEE-AEB24F3466A6}"
EndProject
Global
	GlobalSection(SolutionConfigurationPlatforms) = preSolution
		Debug|Any CPU = Debug|Any CPU
		Release|Any CPU = Release|Any CPU
	EndGlobalSection
	GlobalSection(ProjectConfigurationPlatforms) = postSolution
		{521B6D58-981D-44F5-AFEE-AEB24F3466A6}.Debug|Any CPU.ActiveCfg = Debug|Any CPU
		{521B6D58-981D-44F5-AFEE-AEB24F3466A6}.Debug|Any CPU.Build.0 = Debug|Any CPU
		{521B6D58-981D-44F5-AFEE-AEB24F3466A6}.Release|Any CPU.ActiveCfg = Release|Any CPU
		{521B6D58-981D-44F5-AFEE-AEB24F3466A6}.Release|Any CPU.Build.0 = Release|Any CPU
	EndGlobalSection
	GlobalSection(SolutionProperties) = preSolution
		HideSolutionNode = FALSE
	EndGlobalSection
	GlobalSection(ExtensibilityGlobals) = postSolution
		SolutionGuid = {6DF41B91-A570-44A8-B1E2-17AA8BE6E8D9}
	EndGlobalSection
EndGlobal
